// !$*UTF8*$!
{
	archiveVersion = 1;
	classes = {
	};
	objectVersion = 56;
	objects = {

/* Begin PBXBuildFile section */
		040F1B8D2BFA8E4C00836076 /* TabBarMainView.swift in Sources */ = {isa = PBXBuildFile; fileRef = 040F1B8C2BFA8E4C00836076 /* TabBarMainView.swift */; };
		040F1B8F2BFA8F0700836076 /* AppMethods.swift in Sources */ = {isa = PBXBuildFile; fileRef = 040F1B8E2BFA8F0700836076 /* AppMethods.swift */; };
		040F1B922BFA8F5F00836076 /* RoundedCorner.swift in Sources */ = {isa = PBXBuildFile; fileRef = 040F1B912BFA8F5F00836076 /* RoundedCorner.swift */; };
		040F1B942BFA915800836076 /* Constants+Icons.swift in Sources */ = {isa = PBXBuildFile; fileRef = 040F1B932BFA915800836076 /* Constants+Icons.swift */; };
		043E3E7C2BFBC04900CFD913 /* HomeDataModel.swift in Sources */ = {isa = PBXBuildFile; fileRef = 043E3E7B2BFBC04900CFD913 /* HomeDataModel.swift */; };
		043E3E7F2BFBC1B900CFD913 /* TravelInspirationDataModel.swift in Sources */ = {isa = PBXBuildFile; fileRef = 043E3E7E2BFBC1B900CFD913 /* TravelInspirationDataModel.swift */; };
		043E3E812BFBC1FA00CFD913 /* DestinationCityDataModel.swift in Sources */ = {isa = PBXBuildFile; fileRef = 043E3E802BFBC1FA00CFD913 /* DestinationCityDataModel.swift */; };
		043E3E832BFBC24C00CFD913 /* HomeRepoImp.swift in Sources */ = {isa = PBXBuildFile; fileRef = 043E3E822BFBC24C00CFD913 /* HomeRepoImp.swift */; };
		0446C8EE2BFA896A003F5A2E /* TabBarView.swift in Sources */ = {isa = PBXBuildFile; fileRef = 0446C8ED2BFA896A003F5A2E /* TabBarView.swift */; };
		0446C8F12BFA8A4C003F5A2E /* MainTabs.swift in Sources */ = {isa = PBXBuildFile; fileRef = 0446C8F02BFA8A4C003F5A2E /* MainTabs.swift */; };
		0446C8F32BFA8B2C003F5A2E /* Constants+Tabbar.swift in Sources */ = {isa = PBXBuildFile; fileRef = 0446C8F22BFA8B2C003F5A2E /* Constants+Tabbar.swift */; };
		044C489D2BFA7725003F1EFE /* Colors.xcassets in Resources */ = {isa = PBXBuildFile; fileRef = 044C489C2BFA7725003F1EFE /* Colors.xcassets */; };
		044C48A02BFA780F003F1EFE /* View+IsHidden.swift in Sources */ = {isa = PBXBuildFile; fileRef = 044C489F2BFA780F003F1EFE /* View+IsHidden.swift */; };
		044C48A42BFA7872003F1EFE /* ColorsExtension.swift in Sources */ = {isa = PBXBuildFile; fileRef = 044C48A32BFA7872003F1EFE /* ColorsExtension.swift */; };
		044C48A92BFA7AE0003F1EFE /* ImageView.swift in Sources */ = {isa = PBXBuildFile; fileRef = 044C48A82BFA7AE0003F1EFE /* ImageView.swift */; };
		044C48AB2BFA8431003F1EFE /* Kingfisher in Frameworks */ = {isa = PBXBuildFile; productRef = 044C48AA2BFA8431003F1EFE /* Kingfisher */; };
		044C48AD2BFA8572003F1EFE /* ResultView.swift in Sources */ = {isa = PBXBuildFile; fileRef = 044C48AC2BFA8572003F1EFE /* ResultView.swift */; };
		044C48B02BFA85BB003F1EFE /* Constants.swift in Sources */ = {isa = PBXBuildFile; fileRef = 044C48AF2BFA85BB003F1EFE /* Constants.swift */; };
		044C48B22BFA85CC003F1EFE /* Constants+ResultView.swift in Sources */ = {isa = PBXBuildFile; fileRef = 044C48B12BFA85CC003F1EFE /* Constants+ResultView.swift */; };
		0459CA492BFA64F100E52C45 /* NetworkConstants.swift in Sources */ = {isa = PBXBuildFile; fileRef = 0459CA482BFA64F100E52C45 /* NetworkConstants.swift */; };
		0459CA4C2BFA656100E52C45 /* Alamofire in Frameworks */ = {isa = PBXBuildFile; productRef = 0459CA4B2BFA656100E52C45 /* Alamofire */; };
		0459CA4E2BFA656100E52C45 /* AlamofireDynamic in Frameworks */ = {isa = PBXBuildFile; productRef = 0459CA4D2BFA656100E52C45 /* AlamofireDynamic */; };
		0459CA502BFA664A00E52C45 /* AnyNetwork.swift in Sources */ = {isa = PBXBuildFile; fileRef = 0459CA4F2BFA664A00E52C45 /* AnyNetwork.swift */; };
		0459CA522BFA666D00E52C45 /* NetworkClient.swift in Sources */ = {isa = PBXBuildFile; fileRef = 0459CA512BFA666D00E52C45 /* NetworkClient.swift */; };
		0459CA5A2BFA676D00E52C45 /* TripStickTests.swift in Sources */ = {isa = PBXBuildFile; fileRef = 0459CA592BFA676D00E52C45 /* TripStickTests.swift */; };
		0459CA622BFA679900E52C45 /* TestNetworkClient.swift in Sources */ = {isa = PBXBuildFile; fileRef = 0459CA612BFA679900E52C45 /* TestNetworkClient.swift */; };
		0459CA6E2BFA747E00E52C45 /* Assets.xcassets in Resources */ = {isa = PBXBuildFile; fileRef = 0459CA6A2BFA747E00E52C45 /* Assets.xcassets */; };
		0459CA6F2BFA747E00E52C45 /* TripStickApp.swift in Sources */ = {isa = PBXBuildFile; fileRef = 0459CA6C2BFA747E00E52C45 /* TripStickApp.swift */; };
		0498BD582BFA6351007EFEE6 /* ContentView.swift in Sources */ = {isa = PBXBuildFile; fileRef = 0498BD572BFA6351007EFEE6 /* ContentView.swift */; };
		0498BD5D2BFA6351007EFEE6 /* Preview Assets.xcassets in Resources */ = {isa = PBXBuildFile; fileRef = 0498BD5C2BFA6351007EFEE6 /* Preview Assets.xcassets */; };
/* End PBXBuildFile section */

/* Begin PBXContainerItemProxy section */
		0459CA5B2BFA676D00E52C45 /* PBXContainerItemProxy */ = {
			isa = PBXContainerItemProxy;
			containerPortal = 0498BD4A2BFA6350007EFEE6 /* Project object */;
			proxyType = 1;
			remoteGlobalIDString = 0498BD512BFA6351007EFEE6;
			remoteInfo = TripStick;
		};
/* End PBXContainerItemProxy section */

/* Begin PBXFileReference section */
		040F1B8C2BFA8E4C00836076 /* TabBarMainView.swift */ = {isa = PBXFileReference; lastKnownFileType = sourcecode.swift; path = TabBarMainView.swift; sourceTree = "<group>"; };
		040F1B8E2BFA8F0700836076 /* AppMethods.swift */ = {isa = PBXFileReference; lastKnownFileType = sourcecode.swift; path = AppMethods.swift; sourceTree = "<group>"; };
		040F1B912BFA8F5F00836076 /* RoundedCorner.swift */ = {isa = PBXFileReference; lastKnownFileType = sourcecode.swift; path = RoundedCorner.swift; sourceTree = "<group>"; };
		040F1B932BFA915800836076 /* Constants+Icons.swift */ = {isa = PBXFileReference; lastKnownFileType = sourcecode.swift; path = "Constants+Icons.swift"; sourceTree = "<group>"; };
		043E3E7B2BFBC04900CFD913 /* HomeDataModel.swift */ = {isa = PBXFileReference; lastKnownFileType = sourcecode.swift; path = HomeDataModel.swift; sourceTree = "<group>"; };
		043E3E7E2BFBC1B900CFD913 /* TravelInspirationDataModel.swift */ = {isa = PBXFileReference; lastKnownFileType = sourcecode.swift; path = TravelInspirationDataModel.swift; sourceTree = "<group>"; };
		043E3E802BFBC1FA00CFD913 /* DestinationCityDataModel.swift */ = {isa = PBXFileReference; lastKnownFileType = sourcecode.swift; path = DestinationCityDataModel.swift; sourceTree = "<group>"; };
		043E3E822BFBC24C00CFD913 /* HomeRepoImp.swift */ = {isa = PBXFileReference; lastKnownFileType = sourcecode.swift; path = HomeRepoImp.swift; sourceTree = "<group>"; };
		0446C8ED2BFA896A003F5A2E /* TabBarView.swift */ = {isa = PBXFileReference; lastKnownFileType = sourcecode.swift; path = TabBarView.swift; sourceTree = "<group>"; };
		0446C8F02BFA8A4C003F5A2E /* MainTabs.swift */ = {isa = PBXFileReference; lastKnownFileType = sourcecode.swift; path = MainTabs.swift; sourceTree = "<group>"; };
		0446C8F22BFA8B2C003F5A2E /* Constants+Tabbar.swift */ = {isa = PBXFileReference; lastKnownFileType = sourcecode.swift; path = "Constants+Tabbar.swift"; sourceTree = "<group>"; };
		044C489C2BFA7725003F1EFE /* Colors.xcassets */ = {isa = PBXFileReference; lastKnownFileType = folder.assetcatalog; path = Colors.xcassets; sourceTree = "<group>"; };
		044C489F2BFA780F003F1EFE /* View+IsHidden.swift */ = {isa = PBXFileReference; lastKnownFileType = sourcecode.swift; path = "View+IsHidden.swift"; sourceTree = "<group>"; };
		044C48A32BFA7872003F1EFE /* ColorsExtension.swift */ = {isa = PBXFileReference; lastKnownFileType = sourcecode.swift; path = ColorsExtension.swift; sourceTree = "<group>"; };
		044C48A82BFA7AE0003F1EFE /* ImageView.swift */ = {isa = PBXFileReference; lastKnownFileType = sourcecode.swift; path = ImageView.swift; sourceTree = "<group>"; };
		044C48AC2BFA8572003F1EFE /* ResultView.swift */ = {isa = PBXFileReference; lastKnownFileType = sourcecode.swift; path = ResultView.swift; sourceTree = "<group>"; };
		044C48AF2BFA85BB003F1EFE /* Constants.swift */ = {isa = PBXFileReference; lastKnownFileType = sourcecode.swift; path = Constants.swift; sourceTree = "<group>"; };
		044C48B12BFA85CC003F1EFE /* Constants+ResultView.swift */ = {isa = PBXFileReference; lastKnownFileType = sourcecode.swift; path = "Constants+ResultView.swift"; sourceTree = "<group>"; };
		0459CA482BFA64F100E52C45 /* NetworkConstants.swift */ = {isa = PBXFileReference; lastKnownFileType = sourcecode.swift; path = NetworkConstants.swift; sourceTree = "<group>"; };
		0459CA4F2BFA664A00E52C45 /* AnyNetwork.swift */ = {isa = PBXFileReference; lastKnownFileType = sourcecode.swift; path = AnyNetwork.swift; sourceTree = "<group>"; };
		0459CA512BFA666D00E52C45 /* NetworkClient.swift */ = {isa = PBXFileReference; lastKnownFileType = sourcecode.swift; path = NetworkClient.swift; sourceTree = "<group>"; };
		0459CA572BFA676D00E52C45 /* TripStickTests.xctest */ = {isa = PBXFileReference; explicitFileType = wrapper.cfbundle; includeInIndex = 0; path = TripStickTests.xctest; sourceTree = BUILT_PRODUCTS_DIR; };
		0459CA592BFA676D00E52C45 /* TripStickTests.swift */ = {isa = PBXFileReference; lastKnownFileType = sourcecode.swift; path = TripStickTests.swift; sourceTree = "<group>"; };
		0459CA612BFA679900E52C45 /* TestNetworkClient.swift */ = {isa = PBXFileReference; lastKnownFileType = sourcecode.swift; path = TestNetworkClient.swift; sourceTree = "<group>"; };
		0459CA6A2BFA747E00E52C45 /* Assets.xcassets */ = {isa = PBXFileReference; lastKnownFileType = folder.assetcatalog; path = Assets.xcassets; sourceTree = "<group>"; };
		0459CA6C2BFA747E00E52C45 /* TripStickApp.swift */ = {isa = PBXFileReference; fileEncoding = 4; lastKnownFileType = sourcecode.swift; path = TripStickApp.swift; sourceTree = "<group>"; };
		0498BD522BFA6351007EFEE6 /* TripStick.app */ = {isa = PBXFileReference; explicitFileType = wrapper.application; includeInIndex = 0; path = TripStick.app; sourceTree = BUILT_PRODUCTS_DIR; };
		0498BD572BFA6351007EFEE6 /* ContentView.swift */ = {isa = PBXFileReference; lastKnownFileType = sourcecode.swift; path = ContentView.swift; sourceTree = "<group>"; };
		0498BD5C2BFA6351007EFEE6 /* Preview Assets.xcassets */ = {isa = PBXFileReference; lastKnownFileType = folder.assetcatalog; path = "Preview Assets.xcassets"; sourceTree = "<group>"; };
/* End PBXFileReference section */

/* Begin PBXFrameworksBuildPhase section */
		0459CA542BFA676D00E52C45 /* Frameworks */ = {
			isa = PBXFrameworksBuildPhase;
			buildActionMask = 2147483647;
			files = (
			);
			runOnlyForDeploymentPostprocessing = 0;
		};
		0498BD4F2BFA6351007EFEE6 /* Frameworks */ = {
			isa = PBXFrameworksBuildPhase;
			buildActionMask = 2147483647;
			files = (
				044C48AB2BFA8431003F1EFE /* Kingfisher in Frameworks */,
				0459CA4C2BFA656100E52C45 /* Alamofire in Frameworks */,
				0459CA4E2BFA656100E52C45 /* AlamofireDynamic in Frameworks */,
			);
			runOnlyForDeploymentPostprocessing = 0;
		};
/* End PBXFrameworksBuildPhase section */

/* Begin PBXGroup section */
		040F1B902BFA8F4000836076 /* Modifiers */ = {
			isa = PBXGroup;
			children = (
				040F1B912BFA8F5F00836076 /* RoundedCorner.swift */,
			);
			path = Modifiers;
			sourceTree = "<group>";
		};
		043E3E712BFBB5E700CFD913 /* Home */ = {
			isa = PBXGroup;
			children = (
				043E3E722BFBB5EB00CFD913 /* DataLayer */,
				043E3E732BFBB91A00CFD913 /* DomainLayer */,
				043E3E742BFBB92400CFD913 /* PresentationLayer */,
			);
			path = Home;
			sourceTree = "<group>";
		};
		043E3E722BFBB5EB00CFD913 /* DataLayer */ = {
			isa = PBXGroup;
			children = (
				043E3E782BFBB96A00CFD913 /* Models */,
				043E3E772BFBB95D00CFD913 /* Repositories */,
			);
			path = DataLayer;
			sourceTree = "<group>";
		};
		043E3E732BFBB91A00CFD913 /* DomainLayer */ = {
			isa = PBXGroup;
			children = (
				043E3E862BFBC27200CFD913 /* Repositories */,
				043E3E852BFBC25E00CFD913 /* UseCases */,
				043E3E842BFBC25600CFD913 /* Models */,
			);
			path = DomainLayer;
			sourceTree = "<group>";
		};
		043E3E742BFBB92400CFD913 /* PresentationLayer */ = {
			isa = PBXGroup;
			children = (
				043E3E762BFBB93C00CFD913 /* ViewModels */,
				043E3E752BFBB93700CFD913 /* Views */,
			);
			path = PresentationLayer;
			sourceTree = "<group>";
		};
		043E3E752BFBB93700CFD913 /* Views */ = {
			isa = PBXGroup;
			children = (
			);
			path = Views;
			sourceTree = "<group>";
		};
		043E3E762BFBB93C00CFD913 /* ViewModels */ = {
			isa = PBXGroup;
			children = (
			);
			path = ViewModels;
			sourceTree = "<group>";
		};
		043E3E772BFBB95D00CFD913 /* Repositories */ = {
			isa = PBXGroup;
			children = (
				043E3E822BFBC24C00CFD913 /* HomeRepoImp.swift */,
			);
			path = Repositories;
			sourceTree = "<group>";
		};
		043E3E782BFBB96A00CFD913 /* Models */ = {
			isa = PBXGroup;
			children = (
				043E3E7A2BFBB98500CFD913 /* ResponseModels */,
				043E3E792BFBB97300CFD913 /* RequestModels */,
			);
			path = Models;
			sourceTree = "<group>";
		};
		043E3E792BFBB97300CFD913 /* RequestModels */ = {
			isa = PBXGroup;
			children = (
			);
			path = RequestModels;
			sourceTree = "<group>";
		};
		043E3E7A2BFBB98500CFD913 /* ResponseModels */ = {
			isa = PBXGroup;
			children = (
				043E3E7B2BFBC04900CFD913 /* HomeDataModel.swift */,
				043E3E7E2BFBC1B900CFD913 /* TravelInspirationDataModel.swift */,
				043E3E802BFBC1FA00CFD913 /* DestinationCityDataModel.swift */,
			);
			path = ResponseModels;
			sourceTree = "<group>";
		};
		043E3E842BFBC25600CFD913 /* Models */ = {
			isa = PBXGroup;
			children = (
			);
			path = Models;
			sourceTree = "<group>";
		};
		043E3E852BFBC25E00CFD913 /* UseCases */ = {
			isa = PBXGroup;
			children = (
			);
			path = UseCases;
			sourceTree = "<group>";
		};
		043E3E862BFBC27200CFD913 /* Repositories */ = {
			isa = PBXGroup;
			children = (
			);
			path = Repositories;
			sourceTree = "<group>";
		};
		0446C8EB2BFA88AA003F5A2E /* Modules */ = {
			isa = PBXGroup;
			children = (
				043E3E712BFBB5E700CFD913 /* Home */,
				0446C8EC2BFA893B003F5A2E /* TabBarView */,
			);
			path = Modules;
			sourceTree = "<group>";
		};
		0446C8EC2BFA893B003F5A2E /* TabBarView */ = {
			isa = PBXGroup;
			children = (
				0446C8ED2BFA896A003F5A2E /* TabBarView.swift */,
				040F1B8C2BFA8E4C00836076 /* TabBarMainView.swift */,
			);
			path = TabBarView;
			sourceTree = "<group>";
		};
		0446C8EF2BFA8A40003F5A2E /* Enums */ = {
			isa = PBXGroup;
			children = (
				0446C8F02BFA8A4C003F5A2E /* MainTabs.swift */,
			);
			path = Enums;
			sourceTree = "<group>";
		};
		044C489E2BFA77E9003F1EFE /* Extensions */ = {
			isa = PBXGroup;
			children = (
				044C48A22BFA7850003F1EFE /* Color */,
				044C48A12BFA7812003F1EFE /* View */,
			);
			path = Extensions;
			sourceTree = "<group>";
		};
		044C48A12BFA7812003F1EFE /* View */ = {
			isa = PBXGroup;
			children = (
				044C489F2BFA780F003F1EFE /* View+IsHidden.swift */,
			);
			path = View;
			sourceTree = "<group>";
		};
		044C48A22BFA7850003F1EFE /* Color */ = {
			isa = PBXGroup;
			children = (
				044C48A32BFA7872003F1EFE /* ColorsExtension.swift */,
			);
			path = Color;
			sourceTree = "<group>";
		};
		044C48A62BFA7AB0003F1EFE /* Utils */ = {
			isa = PBXGroup;
			children = (
				040F1B902BFA8F4000836076 /* Modifiers */,
				0446C8EF2BFA8A40003F5A2E /* Enums */,
				044C48AE2BFA858F003F1EFE /* Constants */,
				044C48A72BFA7AC8003F1EFE /* Views */,
				040F1B8E2BFA8F0700836076 /* AppMethods.swift */,
			);
			path = Utils;
			sourceTree = "<group>";
		};
		044C48A72BFA7AC8003F1EFE /* Views */ = {
			isa = PBXGroup;
			children = (
				044C48A82BFA7AE0003F1EFE /* ImageView.swift */,
				044C48AC2BFA8572003F1EFE /* ResultView.swift */,
			);
			path = Views;
			sourceTree = "<group>";
		};
		044C48AE2BFA858F003F1EFE /* Constants */ = {
			isa = PBXGroup;
			children = (
				044C48AF2BFA85BB003F1EFE /* Constants.swift */,
				044C48B12BFA85CC003F1EFE /* Constants+ResultView.swift */,
				0446C8F22BFA8B2C003F5A2E /* Constants+Tabbar.swift */,
				040F1B932BFA915800836076 /* Constants+Icons.swift */,
			);
			path = Constants;
			sourceTree = "<group>";
		};
		0459CA452BFA648100E52C45 /* Network */ = {
			isa = PBXGroup;
			children = (
				0459CA472BFA64BD00E52C45 /* NetworkClient */,
				0459CA462BFA64B800E52C45 /* Helper */,
			);
			path = Network;
			sourceTree = "<group>";
		};
		0459CA462BFA64B800E52C45 /* Helper */ = {
			isa = PBXGroup;
			children = (
				0459CA482BFA64F100E52C45 /* NetworkConstants.swift */,
			);
			path = Helper;
			sourceTree = "<group>";
		};
		0459CA472BFA64BD00E52C45 /* NetworkClient */ = {
			isa = PBXGroup;
			children = (
				0459CA4F2BFA664A00E52C45 /* AnyNetwork.swift */,
				0459CA512BFA666D00E52C45 /* NetworkClient.swift */,
			);
			path = NetworkClient;
			sourceTree = "<group>";
		};
		0459CA582BFA676D00E52C45 /* TripStickTests */ = {
			isa = PBXGroup;
			children = (
				0459CA602BFA677300E52C45 /* Network */,
				0459CA592BFA676D00E52C45 /* TripStickTests.swift */,
			);
			path = TripStickTests;
			sourceTree = "<group>";
		};
		0459CA602BFA677300E52C45 /* Network */ = {
			isa = PBXGroup;
			children = (
				0459CA612BFA679900E52C45 /* TestNetworkClient.swift */,
			);
			path = Network;
			sourceTree = "<group>";
		};
		0459CA6B2BFA747E00E52C45 /* Catalog */ = {
			isa = PBXGroup;
			children = (
				0459CA6A2BFA747E00E52C45 /* Assets.xcassets */,
				044C489C2BFA7725003F1EFE /* Colors.xcassets */,
			);
			path = Catalog;
			sourceTree = "<group>";
		};
		0459CA6D2BFA747E00E52C45 /* AppFiles */ = {
			isa = PBXGroup;
			children = (
				0459CA6C2BFA747E00E52C45 /* TripStickApp.swift */,
			);
			path = AppFiles;
			sourceTree = "<group>";
		};
		0498BD492BFA6350007EFEE6 = {
			isa = PBXGroup;
			children = (
				0498BD542BFA6351007EFEE6 /* TripStick */,
				0459CA582BFA676D00E52C45 /* TripStickTests */,
				0498BD532BFA6351007EFEE6 /* Products */,
			);
			sourceTree = "<group>";
		};
		0498BD532BFA6351007EFEE6 /* Products */ = {
			isa = PBXGroup;
			children = (
				0498BD522BFA6351007EFEE6 /* TripStick.app */,
				0459CA572BFA676D00E52C45 /* TripStickTests.xctest */,
			);
			name = Products;
			sourceTree = "<group>";
		};
		0498BD542BFA6351007EFEE6 /* TripStick */ = {
			isa = PBXGroup;
			children = (
				0446C8EB2BFA88AA003F5A2E /* Modules */,
				0459CA6D2BFA747E00E52C45 /* AppFiles */,
				0459CA452BFA648100E52C45 /* Network */,
				044C48A62BFA7AB0003F1EFE /* Utils */,
				044C489E2BFA77E9003F1EFE /* Extensions */,
				0459CA6B2BFA747E00E52C45 /* Catalog */,
				0498BD572BFA6351007EFEE6 /* ContentView.swift */,
				0498BD5B2BFA6351007EFEE6 /* Preview Content */,
			);
			path = TripStick;
			sourceTree = "<group>";
		};
		0498BD5B2BFA6351007EFEE6 /* Preview Content */ = {
			isa = PBXGroup;
			children = (
				0498BD5C2BFA6351007EFEE6 /* Preview Assets.xcassets */,
			);
			path = "Preview Content";
			sourceTree = "<group>";
		};
/* End PBXGroup section */

/* Begin PBXNativeTarget section */
		0459CA562BFA676D00E52C45 /* TripStickTests */ = {
			isa = PBXNativeTarget;
			buildConfigurationList = 0459CA5D2BFA676D00E52C45 /* Build configuration list for PBXNativeTarget "TripStickTests" */;
			buildPhases = (
				0459CA532BFA676D00E52C45 /* Sources */,
				0459CA542BFA676D00E52C45 /* Frameworks */,
				0459CA552BFA676D00E52C45 /* Resources */,
			);
			buildRules = (
			);
			dependencies = (
				0459CA5C2BFA676D00E52C45 /* PBXTargetDependency */,
			);
			name = TripStickTests;
			productName = TripStickTests;
			productReference = 0459CA572BFA676D00E52C45 /* TripStickTests.xctest */;
			productType = "com.apple.product-type.bundle.unit-test";
		};
		0498BD512BFA6351007EFEE6 /* TripStick */ = {
			isa = PBXNativeTarget;
			buildConfigurationList = 0498BD602BFA6351007EFEE6 /* Build configuration list for PBXNativeTarget "TripStick" */;
			buildPhases = (
				0498BD4E2BFA6351007EFEE6 /* Sources */,
				0498BD4F2BFA6351007EFEE6 /* Frameworks */,
				0498BD502BFA6351007EFEE6 /* Resources */,
			);
			buildRules = (
			);
			dependencies = (
			);
			name = TripStick;
			packageProductDependencies = (
				0459CA4B2BFA656100E52C45 /* Alamofire */,
				0459CA4D2BFA656100E52C45 /* AlamofireDynamic */,
				044C48AA2BFA8431003F1EFE /* Kingfisher */,
			);
			productName = TripStick;
			productReference = 0498BD522BFA6351007EFEE6 /* TripStick.app */;
			productType = "com.apple.product-type.application";
		};
/* End PBXNativeTarget section */

/* Begin PBXProject section */
		0498BD4A2BFA6350007EFEE6 /* Project object */ = {
			isa = PBXProject;
			attributes = {
				BuildIndependentTargetsInParallel = 1;
				LastSwiftUpdateCheck = 1530;
				LastUpgradeCheck = 1530;
				TargetAttributes = {
					0459CA562BFA676D00E52C45 = {
						CreatedOnToolsVersion = 15.3;
						TestTargetID = 0498BD512BFA6351007EFEE6;
					};
					0498BD512BFA6351007EFEE6 = {
						CreatedOnToolsVersion = 15.3;
					};
				};
			};
			buildConfigurationList = 0498BD4D2BFA6350007EFEE6 /* Build configuration list for PBXProject "TripStick" */;
			compatibilityVersion = "Xcode 14.0";
			developmentRegion = en;
			hasScannedForEncodings = 0;
			knownRegions = (
				en,
				Base,
			);
			mainGroup = 0498BD492BFA6350007EFEE6;
			packageReferences = (
				0459CA4A2BFA656100E52C45 /* XCRemoteSwiftPackageReference "Alamofire" */,
				044C48A52BFA7A81003F1EFE /* XCRemoteSwiftPackageReference "Kingfisher" */,
			);
			productRefGroup = 0498BD532BFA6351007EFEE6 /* Products */;
			projectDirPath = "";
			projectRoot = "";
			targets = (
				0498BD512BFA6351007EFEE6 /* TripStick */,
				0459CA562BFA676D00E52C45 /* TripStickTests */,
			);
		};
/* End PBXProject section */

/* Begin PBXResourcesBuildPhase section */
		0459CA552BFA676D00E52C45 /* Resources */ = {
			isa = PBXResourcesBuildPhase;
			buildActionMask = 2147483647;
			files = (
			);
			runOnlyForDeploymentPostprocessing = 0;
		};
		0498BD502BFA6351007EFEE6 /* Resources */ = {
			isa = PBXResourcesBuildPhase;
			buildActionMask = 2147483647;
			files = (
				044C489D2BFA7725003F1EFE /* Colors.xcassets in Resources */,
				0459CA6E2BFA747E00E52C45 /* Assets.xcassets in Resources */,
				0498BD5D2BFA6351007EFEE6 /* Preview Assets.xcassets in Resources */,
			);
			runOnlyForDeploymentPostprocessing = 0;
		};
/* End PBXResourcesBuildPhase section */

/* Begin PBXSourcesBuildPhase section */
		0459CA532BFA676D00E52C45 /* Sources */ = {
			isa = PBXSourcesBuildPhase;
			buildActionMask = 2147483647;
			files = (
				0459CA5A2BFA676D00E52C45 /* TripStickTests.swift in Sources */,
				0459CA622BFA679900E52C45 /* TestNetworkClient.swift in Sources */,
			);
			runOnlyForDeploymentPostprocessing = 0;
		};
		0498BD4E2BFA6351007EFEE6 /* Sources */ = {
			isa = PBXSourcesBuildPhase;
			buildActionMask = 2147483647;
			files = (
				040F1B8F2BFA8F0700836076 /* AppMethods.swift in Sources */,
				044C48A92BFA7AE0003F1EFE /* ImageView.swift in Sources */,
				0459CA492BFA64F100E52C45 /* NetworkConstants.swift in Sources */,
				044C48AD2BFA8572003F1EFE /* ResultView.swift in Sources */,
				044C48A42BFA7872003F1EFE /* ColorsExtension.swift in Sources */,
				044C48B22BFA85CC003F1EFE /* Constants+ResultView.swift in Sources */,
				040F1B8D2BFA8E4C00836076 /* TabBarMainView.swift in Sources */,
				0459CA522BFA666D00E52C45 /* NetworkClient.swift in Sources */,
				040F1B922BFA8F5F00836076 /* RoundedCorner.swift in Sources */,
				044C48B02BFA85BB003F1EFE /* Constants.swift in Sources */,
				0446C8F12BFA8A4C003F5A2E /* MainTabs.swift in Sources */,
				044C48A02BFA780F003F1EFE /* View+IsHidden.swift in Sources */,
				043E3E7F2BFBC1B900CFD913 /* TravelInspirationDataModel.swift in Sources */,
				0446C8F32BFA8B2C003F5A2E /* Constants+Tabbar.swift in Sources */,
				043E3E7C2BFBC04900CFD913 /* HomeDataModel.swift in Sources */,
				0459CA502BFA664A00E52C45 /* AnyNetwork.swift in Sources */,
				040F1B942BFA915800836076 /* Constants+Icons.swift in Sources */,
				043E3E812BFBC1FA00CFD913 /* DestinationCityDataModel.swift in Sources */,
				0459CA6F2BFA747E00E52C45 /* TripStickApp.swift in Sources */,
				0446C8EE2BFA896A003F5A2E /* TabBarView.swift in Sources */,
				0498BD582BFA6351007EFEE6 /* ContentView.swift in Sources */,
				043E3E832BFBC24C00CFD913 /* HomeRepoImp.swift in Sources */,
			);
			runOnlyForDeploymentPostprocessing = 0;
		};
/* End PBXSourcesBuildPhase section */

/* Begin PBXTargetDependency section */
		0459CA5C2BFA676D00E52C45 /* PBXTargetDependency */ = {
			isa = PBXTargetDependency;
			target = 0498BD512BFA6351007EFEE6 /* TripStick */;
			targetProxy = 0459CA5B2BFA676D00E52C45 /* PBXContainerItemProxy */;
		};
/* End PBXTargetDependency section */

/* Begin XCBuildConfiguration section */
		0459CA5E2BFA676D00E52C45 /* Debug */ = {
			isa = XCBuildConfiguration;
			buildSettings = {
				BUNDLE_LOADER = "$(TEST_HOST)";
				CODE_SIGN_STYLE = Automatic;
				CURRENT_PROJECT_VERSION = 1;
				DEVELOPMENT_TEAM = 3DVZUCQ73Z;
				GENERATE_INFOPLIST_FILE = YES;
				MARKETING_VERSION = 1.0;
				PRODUCT_BUNDLE_IDENTIFIER = com.ammar.TripStickTests;
				PRODUCT_NAME = "$(TARGET_NAME)";
				SWIFT_EMIT_LOC_STRINGS = NO;
				SWIFT_VERSION = 5.0;
				TARGETED_DEVICE_FAMILY = "1,2";
				TEST_HOST = "$(BUILT_PRODUCTS_DIR)/TripStick.app/$(BUNDLE_EXECUTABLE_FOLDER_PATH)/TripStick";
			};
			name = Debug;
		};
		0459CA5F2BFA676D00E52C45 /* Release */ = {
			isa = XCBuildConfiguration;
			buildSettings = {
				BUNDLE_LOADER = "$(TEST_HOST)";
				CODE_SIGN_STYLE = Automatic;
				CURRENT_PROJECT_VERSION = 1;
				DEVELOPMENT_TEAM = 3DVZUCQ73Z;
				GENERATE_INFOPLIST_FILE = YES;
				MARKETING_VERSION = 1.0;
				PRODUCT_BUNDLE_IDENTIFIER = com.ammar.TripStickTests;
				PRODUCT_NAME = "$(TARGET_NAME)";
				SWIFT_EMIT_LOC_STRINGS = NO;
				SWIFT_VERSION = 5.0;
				TARGETED_DEVICE_FAMILY = "1,2";
				TEST_HOST = "$(BUILT_PRODUCTS_DIR)/TripStick.app/$(BUNDLE_EXECUTABLE_FOLDER_PATH)/TripStick";
			};
			name = Release;
		};
		0498BD5E2BFA6351007EFEE6 /* Debug */ = {
			isa = XCBuildConfiguration;
			buildSettings = {
				ALWAYS_SEARCH_USER_PATHS = NO;
				ASSETCATALOG_COMPILER_GENERATE_SWIFT_ASSET_SYMBOL_EXTENSIONS = YES;
				CLANG_ANALYZER_NONNULL = YES;
				CLANG_ANALYZER_NUMBER_OBJECT_CONVERSION = YES_AGGRESSIVE;
				CLANG_CXX_LANGUAGE_STANDARD = "gnu++20";
				CLANG_ENABLE_MODULES = YES;
				CLANG_ENABLE_OBJC_ARC = YES;
				CLANG_ENABLE_OBJC_WEAK = YES;
				CLANG_WARN_BLOCK_CAPTURE_AUTORELEASING = YES;
				CLANG_WARN_BOOL_CONVERSION = YES;
				CLANG_WARN_COMMA = YES;
				CLANG_WARN_CONSTANT_CONVERSION = YES;
				CLANG_WARN_DEPRECATED_OBJC_IMPLEMENTATIONS = YES;
				CLANG_WARN_DIRECT_OBJC_ISA_USAGE = YES_ERROR;
				CLANG_WARN_DOCUMENTATION_COMMENTS = YES;
				CLANG_WARN_EMPTY_BODY = YES;
				CLANG_WARN_ENUM_CONVERSION = YES;
				CLANG_WARN_INFINITE_RECURSION = YES;
				CLANG_WARN_INT_CONVERSION = YES;
				CLANG_WARN_NON_LITERAL_NULL_CONVERSION = YES;
				CLANG_WARN_OBJC_IMPLICIT_RETAIN_SELF = YES;
				CLANG_WARN_OBJC_LITERAL_CONVERSION = YES;
				CLANG_WARN_OBJC_ROOT_CLASS = YES_ERROR;
				CLANG_WARN_QUOTED_INCLUDE_IN_FRAMEWORK_HEADER = YES;
				CLANG_WARN_RANGE_LOOP_ANALYSIS = YES;
				CLANG_WARN_STRICT_PROTOTYPES = YES;
				CLANG_WARN_SUSPICIOUS_MOVE = YES;
				CLANG_WARN_UNGUARDED_AVAILABILITY = YES_AGGRESSIVE;
				CLANG_WARN_UNREACHABLE_CODE = YES;
				CLANG_WARN__DUPLICATE_METHOD_MATCH = YES;
				COPY_PHASE_STRIP = NO;
				DEBUG_INFORMATION_FORMAT = dwarf;
				ENABLE_STRICT_OBJC_MSGSEND = YES;
				ENABLE_TESTABILITY = YES;
				ENABLE_USER_SCRIPT_SANDBOXING = YES;
				GCC_C_LANGUAGE_STANDARD = gnu17;
				GCC_DYNAMIC_NO_PIC = NO;
				GCC_NO_COMMON_BLOCKS = YES;
				GCC_OPTIMIZATION_LEVEL = 0;
				GCC_PREPROCESSOR_DEFINITIONS = (
					"DEBUG=1",
					"$(inherited)",
				);
				GCC_WARN_64_TO_32_BIT_CONVERSION = YES;
				GCC_WARN_ABOUT_RETURN_TYPE = YES_ERROR;
				GCC_WARN_UNDECLARED_SELECTOR = YES;
				GCC_WARN_UNINITIALIZED_AUTOS = YES_AGGRESSIVE;
				GCC_WARN_UNUSED_FUNCTION = YES;
				GCC_WARN_UNUSED_VARIABLE = YES;
				IPHONEOS_DEPLOYMENT_TARGET = 17.4;
				LOCALIZATION_PREFERS_STRING_CATALOGS = YES;
				MTL_ENABLE_DEBUG_INFO = INCLUDE_SOURCE;
				MTL_FAST_MATH = YES;
				ONLY_ACTIVE_ARCH = YES;
				SDKROOT = iphoneos;
				SWIFT_ACTIVE_COMPILATION_CONDITIONS = "DEBUG $(inherited)";
				SWIFT_OPTIMIZATION_LEVEL = "-Onone";
			};
			name = Debug;
		};
		0498BD5F2BFA6351007EFEE6 /* Release */ = {
			isa = XCBuildConfiguration;
			buildSettings = {
				ALWAYS_SEARCH_USER_PATHS = NO;
				ASSETCATALOG_COMPILER_GENERATE_SWIFT_ASSET_SYMBOL_EXTENSIONS = YES;
				CLANG_ANALYZER_NONNULL = YES;
				CLANG_ANALYZER_NUMBER_OBJECT_CONVERSION = YES_AGGRESSIVE;
				CLANG_CXX_LANGUAGE_STANDARD = "gnu++20";
				CLANG_ENABLE_MODULES = YES;
				CLANG_ENABLE_OBJC_ARC = YES;
				CLANG_ENABLE_OBJC_WEAK = YES;
				CLANG_WARN_BLOCK_CAPTURE_AUTORELEASING = YES;
				CLANG_WARN_BOOL_CONVERSION = YES;
				CLANG_WARN_COMMA = YES;
				CLANG_WARN_CONSTANT_CONVERSION = YES;
				CLANG_WARN_DEPRECATED_OBJC_IMPLEMENTATIONS = YES;
				CLANG_WARN_DIRECT_OBJC_ISA_USAGE = YES_ERROR;
				CLANG_WARN_DOCUMENTATION_COMMENTS = YES;
				CLANG_WARN_EMPTY_BODY = YES;
				CLANG_WARN_ENUM_CONVERSION = YES;
				CLANG_WARN_INFINITE_RECURSION = YES;
				CLANG_WARN_INT_CONVERSION = YES;
				CLANG_WARN_NON_LITERAL_NULL_CONVERSION = YES;
				CLANG_WARN_OBJC_IMPLICIT_RETAIN_SELF = YES;
				CLANG_WARN_OBJC_LITERAL_CONVERSION = YES;
				CLANG_WARN_OBJC_ROOT_CLASS = YES_ERROR;
				CLANG_WARN_QUOTED_INCLUDE_IN_FRAMEWORK_HEADER = YES;
				CLANG_WARN_RANGE_LOOP_ANALYSIS = YES;
				CLANG_WARN_STRICT_PROTOTYPES = YES;
				CLANG_WARN_SUSPICIOUS_MOVE = YES;
				CLANG_WARN_UNGUARDED_AVAILABILITY = YES_AGGRESSIVE;
				CLANG_WARN_UNREACHABLE_CODE = YES;
				CLANG_WARN__DUPLICATE_METHOD_MATCH = YES;
				COPY_PHASE_STRIP = NO;
				DEBUG_INFORMATION_FORMAT = "dwarf-with-dsym";
				ENABLE_NS_ASSERTIONS = NO;
				ENABLE_STRICT_OBJC_MSGSEND = YES;
				ENABLE_USER_SCRIPT_SANDBOXING = YES;
				GCC_C_LANGUAGE_STANDARD = gnu17;
				GCC_NO_COMMON_BLOCKS = YES;
				GCC_WARN_64_TO_32_BIT_CONVERSION = YES;
				GCC_WARN_ABOUT_RETURN_TYPE = YES_ERROR;
				GCC_WARN_UNDECLARED_SELECTOR = YES;
				GCC_WARN_UNINITIALIZED_AUTOS = YES_AGGRESSIVE;
				GCC_WARN_UNUSED_FUNCTION = YES;
				GCC_WARN_UNUSED_VARIABLE = YES;
				IPHONEOS_DEPLOYMENT_TARGET = 17.4;
				LOCALIZATION_PREFERS_STRING_CATALOGS = YES;
				MTL_ENABLE_DEBUG_INFO = NO;
				MTL_FAST_MATH = YES;
				SDKROOT = iphoneos;
				SWIFT_COMPILATION_MODE = wholemodule;
				VALIDATE_PRODUCT = YES;
			};
			name = Release;
		};
		0498BD612BFA6351007EFEE6 /* Debug */ = {
			isa = XCBuildConfiguration;
			buildSettings = {
				ASSETCATALOG_COMPILER_APPICON_NAME = AppIcon;
				ASSETCATALOG_COMPILER_GLOBAL_ACCENT_COLOR_NAME = AccentColor;
				CODE_SIGN_STYLE = Automatic;
				CURRENT_PROJECT_VERSION = 1;
				DEVELOPMENT_ASSET_PATHS = "\"TripStick/Preview Content\"";
				DEVELOPMENT_TEAM = 3DVZUCQ73Z;
				ENABLE_PREVIEWS = YES;
				GENERATE_INFOPLIST_FILE = YES;
				INFOPLIST_KEY_UIApplicationSceneManifest_Generation = YES;
				INFOPLIST_KEY_UIApplicationSupportsIndirectInputEvents = YES;
				INFOPLIST_KEY_UILaunchScreen_Generation = YES;
				INFOPLIST_KEY_UISupportedInterfaceOrientations_iPad = "UIInterfaceOrientationPortrait UIInterfaceOrientationPortraitUpsideDown UIInterfaceOrientationLandscapeLeft UIInterfaceOrientationLandscapeRight";
				INFOPLIST_KEY_UISupportedInterfaceOrientations_iPhone = "UIInterfaceOrientationPortrait UIInterfaceOrientationLandscapeLeft UIInterfaceOrientationLandscapeRight";
				LD_RUNPATH_SEARCH_PATHS = (
					"$(inherited)",
					"@executable_path/Frameworks",
				);
				MARKETING_VERSION = 1.0;
				PRODUCT_BUNDLE_IDENTIFIER = com.ammar.TripStick;
				PRODUCT_NAME = "$(TARGET_NAME)";
				SWIFT_EMIT_LOC_STRINGS = YES;
				SWIFT_VERSION = 5.0;
				TARGETED_DEVICE_FAMILY = "1,2";
			};
			name = Debug;
		};
		0498BD622BFA6351007EFEE6 /* Release */ = {
			isa = XCBuildConfiguration;
			buildSettings = {
				ASSETCATALOG_COMPILER_APPICON_NAME = AppIcon;
				ASSETCATALOG_COMPILER_GLOBAL_ACCENT_COLOR_NAME = AccentColor;
				CODE_SIGN_STYLE = Automatic;
				CURRENT_PROJECT_VERSION = 1;
				DEVELOPMENT_ASSET_PATHS = "\"TripStick/Preview Content\"";
				DEVELOPMENT_TEAM = 3DVZUCQ73Z;
				ENABLE_PREVIEWS = YES;
				GENERATE_INFOPLIST_FILE = YES;
				INFOPLIST_KEY_UIApplicationSceneManifest_Generation = YES;
				INFOPLIST_KEY_UIApplicationSupportsIndirectInputEvents = YES;
				INFOPLIST_KEY_UILaunchScreen_Generation = YES;
				INFOPLIST_KEY_UISupportedInterfaceOrientations_iPad = "UIInterfaceOrientationPortrait UIInterfaceOrientationPortraitUpsideDown UIInterfaceOrientationLandscapeLeft UIInterfaceOrientationLandscapeRight";
				INFOPLIST_KEY_UISupportedInterfaceOrientations_iPhone = "UIInterfaceOrientationPortrait UIInterfaceOrientationLandscapeLeft UIInterfaceOrientationLandscapeRight";
				LD_RUNPATH_SEARCH_PATHS = (
					"$(inherited)",
					"@executable_path/Frameworks",
				);
				MARKETING_VERSION = 1.0;
				PRODUCT_BUNDLE_IDENTIFIER = com.ammar.TripStick;
				PRODUCT_NAME = "$(TARGET_NAME)";
				SWIFT_EMIT_LOC_STRINGS = YES;
				SWIFT_VERSION = 5.0;
				TARGETED_DEVICE_FAMILY = "1,2";
			};
			name = Release;
		};
/* End XCBuildConfiguration section */

/* Begin XCConfigurationList section */
		0459CA5D2BFA676D00E52C45 /* Build configuration list for PBXNativeTarget "TripStickTests" */ = {
			isa = XCConfigurationList;
			buildConfigurations = (
				0459CA5E2BFA676D00E52C45 /* Debug */,
				0459CA5F2BFA676D00E52C45 /* Release */,
			);
			defaultConfigurationIsVisible = 0;
			defaultConfigurationName = Release;
		};
		0498BD4D2BFA6350007EFEE6 /* Build configuration list for PBXProject "TripStick" */ = {
			isa = XCConfigurationList;
			buildConfigurations = (
				0498BD5E2BFA6351007EFEE6 /* Debug */,
				0498BD5F2BFA6351007EFEE6 /* Release */,
			);
			defaultConfigurationIsVisible = 0;
			defaultConfigurationName = Release;
		};
		0498BD602BFA6351007EFEE6 /* Build configuration list for PBXNativeTarget "TripStick" */ = {
			isa = XCConfigurationList;
			buildConfigurations = (
				0498BD612BFA6351007EFEE6 /* Debug */,
				0498BD622BFA6351007EFEE6 /* Release */,
			);
			defaultConfigurationIsVisible = 0;
			defaultConfigurationName = Release;
		};
/* End XCConfigurationList section */

/* Begin XCRemoteSwiftPackageReference section */
		044C48A52BFA7A81003F1EFE /* XCRemoteSwiftPackageReference "Kingfisher" */ = {
			isa = XCRemoteSwiftPackageReference;
			repositoryURL = "https://github.com/onevcat/Kingfisher.git";
			requirement = {
				kind = upToNextMajorVersion;
				minimumVersion = 7.11.0;
			};
		};
		0459CA4A2BFA656100E52C45 /* XCRemoteSwiftPackageReference "Alamofire" */ = {
			isa = XCRemoteSwiftPackageReference;
			repositoryURL = "https://github.com/Alamofire/Alamofire";
			requirement = {
				kind = upToNextMajorVersion;
				minimumVersion = 5.9.1;
			};
		};
/* End XCRemoteSwiftPackageReference section */

/* Begin XCSwiftPackageProductDependency section */
		044C48AA2BFA8431003F1EFE /* Kingfisher */ = {
			isa = XCSwiftPackageProductDependency;
			package = 044C48A52BFA7A81003F1EFE /* XCRemoteSwiftPackageReference "Kingfisher" */;
			productName = Kingfisher;
		};
		0459CA4B2BFA656100E52C45 /* Alamofire */ = {
			isa = XCSwiftPackageProductDependency;
			package = 0459CA4A2BFA656100E52C45 /* XCRemoteSwiftPackageReference "Alamofire" */;
			productName = Alamofire;
		};
		0459CA4D2BFA656100E52C45 /* AlamofireDynamic */ = {
			isa = XCSwiftPackageProductDependency;
			package = 0459CA4A2BFA656100E52C45 /* XCRemoteSwiftPackageReference "Alamofire" */;
			productName = AlamofireDynamic;
		};
/* End XCSwiftPackageProductDependency section */
	};
	rootObject = 0498BD4A2BFA6350007EFEE6 /* Project object */;
}
